
Microsoft Visual Studio Solution File, Format Version 12.00
# Visual Studio Version 17
VisualStudioVersion = 17.13.35931.197 d17.13
MinimumVisualStudioVersion = 10.0.40219.1
Project("{FAE04EC0-301F-11D3-BF4B-00C04F79EFBC}") = "ConsoleApp", "ConsoleApp\ConsoleApp.csproj", "{857F0AF3-8EAD-4CA3-94CE-A72A40931984}"
EndProject
Global
	GlobalSection(SolutionConfigurationPlatforms) = preSolution
		Debug|Any CPU = Debug|Any CPU
		Release|Any CPU = Release|Any CPU
	EndGlobalSection
	GlobalSection(ProjectConfigurationPlatforms) = postSolution
		{857F0AF3-8EAD-4CA3-94CE-A72A40931984}.Debug|Any CPU.ActiveCfg = Debug|Any CPU
		{857F0AF3-8EAD-4CA3-94CE-A72A40931984}.Debug|Any CPU.Build.0 = Debug|Any CPU
		{857F0AF3-8EAD-4CA3-94CE-A72A40931984}.Release|Any CPU.ActiveCfg = Release|Any CPU
		{857F0AF3-8EAD-4CA3-94CE-A72A40931984}.Release|Any CPU.Build.0 = Release|Any CPU
	EndGlobalSection
	GlobalSection(SolutionProperties) = preSolution
		HideSolutionNode = FALSE
	EndGlobalSection
	GlobalSection(ExtensibilityGlobals) = postSolution
		SolutionGuid = {74CEBB05-78D0-4FB4-94C3-898045D6B80A}
	EndGlobalSection
EndGlobal
