
Microsoft Visual Studio Solution File, Format Version 12.00
# Visual Studio Version 17
VisualStudioVersion = 17.13.35931.197 d17.13
MinimumVisualStudioVersion = 10.0.40219.1
Project("{FAE04EC0-301F-11D3-BF4B-00C04F79EFBC}") = "WebApi", "WebApi\WebApi.csproj", "{003B7B5D-4127-4FFE-A343-D95261C50CA0}"
EndProject
Global
	GlobalSection(SolutionConfigurationPlatforms) = preSolution
		Debug|Any CPU = Debug|Any CPU
		Release|Any CPU = Release|Any CPU
	EndGlobalSection
	GlobalSection(ProjectConfigurationPlatforms) = postSolution
		{003B7B5D-4127-4FFE-A343-D95261C50CA0}.Debug|Any CPU.ActiveCfg = Debug|Any CPU
		{003B7B5D-4127-4FFE-A343-D95261C50CA0}.Debug|Any CPU.Build.0 = Debug|Any CPU
		{003B7B5D-4127-4FFE-A343-D95261C50CA0}.Release|Any CPU.ActiveCfg = Release|Any CPU
		{003B7B5D-4127-4FFE-A343-D95261C50CA0}.Release|Any CPU.Build.0 = Release|Any CPU
	EndGlobalSection
	GlobalSection(SolutionProperties) = preSolution
		HideSolutionNode = FALSE
	EndGlobalSection
	GlobalSection(ExtensibilityGlobals) = postSolution
		SolutionGuid = {09E17184-AEDD-4098-B169-5931291636CA}
	EndGlobalSection
EndGlobal
